{
  "meteor": {},
  "dependencies": {
    "basePackages": {
      "moment": {},
      "sync-methods": {},
      "bootstrap3-wysihtml5": {},
      "bootstrap-3": {},
      "datatables": {},
      "event-hooks": {},
      "handlebar-helpers": {},
      "user-session": {},
      "accounts-ui-bootstrap-3": {
        "git": "https://github.com/mangasocial/meteor-accounts-ui-bootstrap-3.git",
        "branch": "dev"
      },
      "font-awesome": {},
      "autocomplete": {},
      "jquery-ui-bootstrap": {},
      "iron-router": {}
    },
    "packages": {
      "moment": {
        "git": "https://github.com/acreeger/meteor-moment.git",
        "tag": "v2.5.1",
        "commit": "8c9bc5d3fc96705057737cb9743d555417f6e551"
      },
      "sync-methods": {
        "git": "https://github.com/ianserlin/meteor-sync-methods.git",
        "tag": "v0.1.1",
        "commit": "2a7b094d54f3fb7c9acebbe10b68f9db1e5f156b"
      },
      "bootstrap3-wysihtml5": {
        "git": "https://github.com/andreioprisan/meteor-bootstrap3-wysihtml5.git",
        "tag": "v0.3.3",
        "commit": "251d564c3eb5b5b7a89a3e3e63f58633e0816332"
      },
      "bootstrap-3": {
        "git": "https://github.com/mangasocial/meteor-bootstrap-3.git",
        "tag": "v3.1.0-1",
        "commit": "329dccb08bfc18c635676dea600ac9953162cda9"
      },
      "datatables": {
        "git": "https://github.com/TimHeckel/meteor-datatables.git",
        "tag": "v0.1.3",
        "commit": "86a9076d6c65df85b098fd214b0c0ca7a1b10269"
      },
      "event-hooks": {
        "git": "https://github.com/BenjaminRH/meteor-event-hooks.git",
        "tag": "v1.4.3",
        "commit": "ba4f3d7887748458618d29615492906f0c88d31c"
      },
      "handlebar-helpers": {
        "git": "https://github.com/raix/Meteor-handlebar-helpers.git",
        "tag": "v0.0.9",
        "commit": "71e94c99462b8801a34c5363510758b6ff5f5ac7"
      },
      "user-session": {
        "git": "https://github.com/BenjaminRH/meteor-user-session.git",
        "tag": "v0.2.0",
        "commit": "9ce8cb3385f6bc08918dd30313f2251a42e6ff3b"
      },
      "accounts-ui-bootstrap-3": {
        "git": "https://github.com/mangasocial/meteor-accounts-ui-bootstrap-3.git",
        "branch": "dev",
        "commit": "696b4080169783e960826e12e4eb3dc33108cdeb"
      },
      "font-awesome": {
        "git": "https://github.com/nate-strauser/meteor-font-awesome.git",
        "tag": "v4.0.3",
        "commit": "61e9361384347547ae144f8228faa4deffda23db"
      },
      "autocomplete": {
        "git": "https://github.com/mizzao/meteor-autocomplete.git",
        "tag": "v0.1.0",
        "commit": "00a4adbba9811da9040e23531867d9ff03e2f445"
      },
      "jquery-ui-bootstrap": {
        "git": "https://github.com/TimHeckel/meteor-jquery-ui-bootstrap.git",
        "tag": "v0.1.2",
        "commit": "fa742a85639307003e105898e15b631394b63509"
      },
      "iron-router": {
        "git": "https://github.com/EventedMind/iron-router.git",
        "tag": "v0.6.4",
        "commit": "927bbaed1b87894fb6fb70807f74ff3a5bd89f29"
      },
      "jquery-ui": {
        "git": "https://github.com/TimHeckel/meteor-jquery-ui.git",
        "tag": "v1.9.2",
        "commit": "c437d45edcf1367df8d5ffa8bad2867758030bd2"
      }
    }
  }
}
